# This file is automatically generated by uv.
# To update, run: uv lock
version = 1
requires-python = ">=3.11"

[[package]]
name = "fastapi"
version = "0.104.1"
source = { registry = "https://pypi.org/simple" }
dependencies = [
    "pydantic>=1.7.4,!=1.8,!=1.8.1,!=2.0.0,!=2.0.1,!=2.1.0,<3.0.0",
    "starlette>=0.27.0,<0.28.0",
    "typing-extensions>=4.8.0",
]

[[package]]
name = "uvicorn"
version = "0.24.0"
source = { registry = "https://pypi.org/simple" }
dependencies = [
    "click>=7.0",
    "h11>=0.8",
    "typing-extensions>=4.0",
]

# Additional packages will be automatically added by uv
